// !$*UTF8*$!
{
	archiveVersion = 1;
	classes = {
	};
	objectVersion = 50;
	objects = {

/* Begin PBXBuildFile section */
		1AD2E7132357A121005319BE /* AppDelegate.swift in Sources */ = {isa = PBXBuildFile; fileRef = 1AD2E7122357A121005319BE /* AppDelegate.swift */; };
		1AD2E7152357A121005319BE /* SceneDelegate.swift in Sources */ = {isa = PBXBuildFile; fileRef = 1AD2E7142357A121005319BE /* SceneDelegate.swift */; };
		1AD2E7172357A121005319BE /* ContentView.swift in Sources */ = {isa = PBXBuildFile; fileRef = 1AD2E7162357A121005319BE /* ContentView.swift */; };
		1AD2E7192357A128005319BE /* Assets.xcassets in Resources */ = {isa = PBXBuildFile; fileRef = 1AD2E7182357A128005319BE /* Assets.xcassets */; };
		1AD2E71C2357A128005319BE /* Preview Assets.xcassets in Resources */ = {isa = PBXBuildFile; fileRef = 1AD2E71B2357A128005319BE /* Preview Assets.xcassets */; };
		1AD2E71F2357A128005319BE /* LaunchScreen.storyboard in Resources */ = {isa = PBXBuildFile; fileRef = 1AD2E71D2357A128005319BE /* LaunchScreen.storyboard */; };
		1AD2E72A2357A128005319BE /* SwiftUIDemoTests.swift in Sources */ = {isa = PBXBuildFile; fileRef = 1AD2E7292357A128005319BE /* SwiftUIDemoTests.swift */; };
/* End PBXBuildFile section */

/* Begin PBXContainerItemProxy section */
		1AD2E7262357A128005319BE /* PBXContainerItemProxy */ = {
			isa = PBXContainerItemProxy;
			containerPortal = 1AD2E7072357A120005319BE /* Project object */;
			proxyType = 1;
			remoteGlobalIDString = 1AD2E70E2357A120005319BE;
			remoteInfo = SwiftUIDemo;
		};
/* End PBXContainerItemProxy section */

/* Begin PBXFileReference section */
		1AD2E70F2357A121005319BE /* SwiftUIDemo.app */ = {isa = PBXFileReference; explicitFileType = wrapper.application; includeInIndex = 0; path = SwiftUIDemo.app; sourceTree = BUILT_PRODUCTS_DIR; };
		1AD2E7122357A121005319BE /* AppDelegate.swift */ = {isa = PBXFileReference; lastKnownFileType = sourcecode.swift; path = AppDelegate.swift; sourceTree = "<group>"; };
		1AD2E7142357A121005319BE /* SceneDelegate.swift */ = {isa = PBXFileReference; lastKnownFileType = sourcecode.swift; path = SceneDelegate.swift; sourceTree = "<group>"; };
		1AD2E7162357A121005319BE /* ContentView.swift */ = {isa = PBXFileReference; lastKnownFileType = sourcecode.swift; path = ContentView.swift; sourceTree = "<group>"; };
		1AD2E7182357A128005319BE /* Assets.xcassets */ = {isa = PBXFileReference; lastKnownFileType = folder.assetcatalog; path = Assets.xcassets; sourceTree = "<group>"; };
		1AD2E71B2357A128005319BE /* Preview Assets.xcassets */ = {isa = PBXFileReference; lastKnownFileType = folder.assetcatalog; path = "Preview Assets.xcassets"; sourceTree = "<group>"; };
		1AD2E71E2357A128005319BE /* Base */ = {isa = PBXFileReference; lastKnownFileType = file.storyboard; name = Base; path = Base.lproj/LaunchScreen.storyboard; sourceTree = "<group>"; };
		1AD2E7202357A128005319BE /* Info.plist */ = {isa = PBXFileReference; lastKnownFileType = text.plist.xml; path = Info.plist; sourceTree = "<group>"; };
		1AD2E7252357A128005319BE /* SwiftUIDemoTests.xctest */ = {isa = PBXFileReference; explicitFileType = wrapper.cfbundle; includeInIndex = 0; path = SwiftUIDemoTests.xctest; sourceTree = BUILT_PRODUCTS_DIR; };
		1AD2E7292357A128005319BE /* SwiftUIDemoTests.swift */ = {isa = PBXFileReference; lastKnownFileType = sourcecode.swift; path = SwiftUIDemoTests.swift; sourceTree = "<group>"; };
		1AD2E72B2357A128005319BE /* Info.plist */ = {isa = PBXFileReference; lastKnownFileType = text.plist.xml; path = Info.plist; sourceTree = "<group>"; };
/* End PBXFileReference section */

/* Begin PBXFrameworksBuildPhase section */
		1AD2E70C2357A120005319BE /* Frameworks */ = {
			isa = PBXFrameworksBuildPhase;
			buildActionMask = 2147483647;
			files = (
			);
			runOnlyForDeploymentPostprocessing = 0;
		};
		1AD2E7222357A128005319BE /* Frameworks */ = {
			isa = PBXFrameworksBuildPhase;
			buildActionMask = 2147483647;
			files = (
			);
			runOnlyForDeploymentPostprocessing = 0;
		};
/* End PBXFrameworksBuildPhase section */

/* Begin PBXGroup section */
		1AD2E7062357A120005319BE = {
			isa = PBXGroup;
			children = (
				1AD2E7112357A121005319BE /* SwiftUIDemo */,
				1AD2E7282357A128005319BE /* SwiftUIDemoTests */,
				1AD2E7102357A121005319BE /* Products */,
			);
			sourceTree = "<group>";
		};
		1AD2E7102357A121005319BE /* Products */ = {
			isa = PBXGroup;
			children = (
				1AD2E70F2357A121005319BE /* SwiftUIDemo.app */,
				1AD2E7252357A128005319BE /* SwiftUIDemoTests.xctest */,
			);
			name = Products;
			sourceTree = "<group>";
		};
		1AD2E7112357A121005319BE /* SwiftUIDemo */ = {
			isa = PBXGroup;
			children = (
				1AD2E7122357A121005319BE /* AppDelegate.swift */,
				1AD2E7142357A121005319BE /* SceneDelegate.swift */,
				1AD2E7162357A121005319BE /* ContentView.swift */,
				1AD2E7182357A128005319BE /* Assets.xcassets */,
				1AD2E71D2357A128005319BE /* LaunchScreen.storyboard */,
				1AD2E7202357A128005319BE /* Info.plist */,
				1AD2E71A2357A128005319BE /* Preview Content */,
			);
			path = SwiftUIDemo;
			sourceTree = "<group>";
		};
		1AD2E71A2357A128005319BE /* Preview Content */ = {
			isa = PBXGroup;
			children = (
				1AD2E71B2357A128005319BE /* Preview Assets.xcassets */,
			);
			path = "Preview Content";
			sourceTree = "<group>";
		};
		1AD2E7282357A128005319BE /* SwiftUIDemoTests */ = {
			isa = PBXGroup;
			children = (
				1AD2E7292357A128005319BE /* SwiftUIDemoTests.swift */,
				1AD2E72B2357A128005319BE /* Info.plist */,
			);
			path = SwiftUIDemoTests;
			sourceTree = "<group>";
		};
/* End PBXGroup section */

/* Begin PBXNativeTarget section */
		1AD2E70E2357A120005319BE /* SwiftUIDemo */ = {
			isa = PBXNativeTarget;
			buildConfigurationList = 1AD2E72E2357A128005319BE /* Build configuration list for PBXNativeTarget "SwiftUIDemo" */;
			buildPhases = (
				1AD2E70B2357A120005319BE /* Sources */,
				1AD2E70C2357A120005319BE /* Frameworks */,
				1AD2E70D2357A120005319BE /* Resources */,
			);
			buildRules = (
			);
			dependencies = (
			);
			name = SwiftUIDemo;
			productName = SwiftUIDemo;
			productReference = 1AD2E70F2357A121005319BE /* SwiftUIDemo.app */;
			productType = "com.apple.product-type.application";
		};
		1AD2E7242357A128005319BE /* SwiftUIDemoTests */ = {
			isa = PBXNativeTarget;
			buildConfigurationList = 1AD2E7312357A128005319BE /* Build configuration list for PBXNativeTarget "SwiftUIDemoTests" */;
			buildPhases = (
				1AD2E7212357A128005319BE /* Sources */,
				1AD2E7222357A128005319BE /* Frameworks */,
				1AD2E7232357A128005319BE /* Resources */,
			);
			buildRules = (
			);
			dependencies = (
				1AD2E7272357A128005319BE /* PBXTargetDependency */,
			);
			name = SwiftUIDemoTests;
			productName = SwiftUIDemoTests;
			productReference = 1AD2E7252357A128005319BE /* SwiftUIDemoTests.xctest */;
			productType = "com.apple.product-type.bundle.unit-test";
		};
/* End PBXNativeTarget section */

/* Begin PBXProject section */
		1AD2E7072357A120005319BE /* Project object */ = {
			isa = PBXProject;
			attributes = {
				LastSwiftUpdateCheck = 1110;
				LastUpgradeCheck = 1110;
				ORGANIZATIONNAME = "James Porter";
				TargetAttributes = {
					1AD2E70E2357A120005319BE = {
						CreatedOnToolsVersion = 11.1;
					};
					1AD2E7242357A128005319BE = {
						CreatedOnToolsVersion = 11.1;
						TestTargetID = 1AD2E70E2357A120005319BE;
					};
				};
			};
			buildConfigurationList = 1AD2E70A2357A120005319BE /* Build configuration list for PBXProject "SwiftUIDemo" */;
			compatibilityVersion = "Xcode 9.3";
			developmentRegion = en;
			hasScannedForEncodings = 0;
			knownRegions = (
				en,
				Base,
			);
			mainGroup = 1AD2E7062357A120005319BE;
			productRefGroup = 1AD2E7102357A121005319BE /* Products */;
			projectDirPath = "";
			projectRoot = "";
			targets = (
				1AD2E70E2357A120005319BE /* SwiftUIDemo */,
				1AD2E7242357A128005319BE /* SwiftUIDemoTests */,
			);
		};
/* End PBXProject section */

/* Begin PBXResourcesBuildPhase section */
		1AD2E70D2357A120005319BE /* Resources */ = {
			isa = PBXResourcesBuildPhase;
			buildActionMask = 2147483647;
			files = (
				1AD2E71F2357A128005319BE /* LaunchScreen.storyboard in Resources */,
				1AD2E71C2357A128005319BE /* Preview Assets.xcassets in Resources */,
				1AD2E7192357A128005319BE /* Assets.xcassets in Resources */,
			);
			runOnlyForDeploymentPostprocessing = 0;
		};
		1AD2E7232357A128005319BE /* Resources */ = {
			isa = PBXResourcesBuildPhase;
			buildActionMask = 2147483647;
			files = (
			);
			runOnlyForDeploymentPostprocessing = 0;
		};
/* End PBXResourcesBuildPhase section */

/* Begin PBXSourcesBuildPhase section */
		1AD2E70B2357A120005319BE /* Sources */ = {
			isa = PBXSourcesBuildPhase;
			buildActionMask = 2147483647;
			files = (
				1AD2E7132357A121005319BE /* AppDelegate.swift in Sources */,
				1AD2E7152357A121005319BE /* SceneDelegate.swift in Sources */,
				1AD2E7172357A121005319BE /* ContentView.swift in Sources */,
			);
			runOnlyForDeploymentPostprocessing = 0;
		};
		1AD2E7212357A128005319BE /* Sources */ = {
			isa = PBXSourcesBuildPhase;
			buildActionMask = 2147483647;
			files = (
				1AD2E72A2357A128005319BE /* SwiftUIDemoTests.swift in Sources */,
			);
			runOnlyForDeploymentPostprocessing = 0;
		};
/* End PBXSourcesBuildPhase section */

/* Begin PBXTargetDependency section */
		1AD2E7272357A128005319BE /* PBXTargetDependency */ = {
			isa = PBXTargetDependency;
			target = 1AD2E70E2357A120005319BE /* SwiftUIDemo */;
			targetProxy = 1AD2E7262357A128005319BE /* PBXContainerItemProxy */;
		};
/* End PBXTargetDependency section */

/* Begin PBXVariantGroup section */
		1AD2E71D2357A128005319BE /* LaunchScreen.storyboard */ = {
			isa = PBXVariantGroup;
			children = (
				1AD2E71E2357A128005319BE /* Base */,
			);
			name = LaunchScreen.storyboard;
			sourceTree = "<group>";
		};
/* End PBXVariantGroup section */

/* Begin XCBuildConfiguration section */
		1AD2E72C2357A128005319BE /* Debug */ = {
			isa = XCBuildConfiguration;
			buildSettings = {
				ALWAYS_SEARCH_USER_PATHS = NO;
				CLANG_ANALYZER_NONNULL = YES;
				CLANG_ANALYZER_NUMBER_OBJECT_CONVERSION = YES_AGGRESSIVE;
				CLANG_CXX_LANGUAGE_STANDARD = "gnu++14";
				CLANG_CXX_LIBRARY = "libc++";
				CLANG_ENABLE_MODULES = YES;
				CLANG_ENABLE_OBJC_ARC = YES;
				CLANG_ENABLE_OBJC_WEAK = YES;
				CLANG_WARN_BLOCK_CAPTURE_AUTORELEASING = YES;
				CLANG_WARN_BOOL_CONVERSION = YES;
				CLANG_WARN_COMMA = YES;
				CLANG_WARN_CONSTANT_CONVERSION = YES;
				CLANG_WARN_DEPRECATED_OBJC_IMPLEMENTATIONS = YES;
				CLANG_WARN_DIRECT_OBJC_ISA_USAGE = YES_ERROR;
				CLANG_WARN_DOCUMENTATION_COMMENTS = YES;
				CLANG_WARN_EMPTY_BODY = YES;
				CLANG_WARN_ENUM_CONVERSION = YES;
				CLANG_WARN_INFINITE_RECURSION = YES;
				CLANG_WARN_INT_CONVERSION = YES;
				CLANG_WARN_NON_LITERAL_NULL_CONVERSION = YES;
				CLANG_WARN_OBJC_IMPLICIT_RETAIN_SELF = YES;
				CLANG_WARN_OBJC_LITERAL_CONVERSION = YES;
				CLANG_WARN_OBJC_ROOT_CLASS = YES_ERROR;
				CLANG_WARN_RANGE_LOOP_ANALYSIS = YES;
				CLANG_WARN_STRICT_PROTOTYPES = YES;
				CLANG_WARN_SUSPICIOUS_MOVE = YES;
				CLANG_WARN_UNGUARDED_AVAILABILITY = YES_AGGRESSIVE;
				CLANG_WARN_UNREACHABLE_CODE = YES;
				CLANG_WARN__DUPLICATE_METHOD_MATCH = YES;
				COPY_PHASE_STRIP = NO;
				DEBUG_INFORMATION_FORMAT = dwarf;
				ENABLE_STRICT_OBJC_MSGSEND = YES;
				ENABLE_TESTABILITY = YES;
				GCC_C_LANGUAGE_STANDARD = gnu11;
				GCC_DYNAMIC_NO_PIC = NO;
				GCC_NO_COMMON_BLOCKS = YES;
				GCC_OPTIMIZATION_LEVEL = 0;
				GCC_PREPROCESSOR_DEFINITIONS = (
					"DEBUG=1",
					"$(inherited)",
				);
				GCC_WARN_64_TO_32_BIT_CONVERSION = YES;
				GCC_WARN_ABOUT_RETURN_TYPE = YES_ERROR;
				GCC_WARN_UNDECLARED_SELECTOR = YES;
				GCC_WARN_UNINITIALIZED_AUTOS = YES_AGGRESSIVE;
				GCC_WARN_UNUSED_FUNCTION = YES;
				GCC_WARN_UNUSED_VARIABLE = YES;
				IPHONEOS_DEPLOYMENT_TARGET = 13.1;
				MTL_ENABLE_DEBUG_INFO = INCLUDE_SOURCE;
				MTL_FAST_MATH = YES;
				ONLY_ACTIVE_ARCH = YES;
				SDKROOT = iphoneos;
				SWIFT_ACTIVE_COMPILATION_CONDITIONS = DEBUG;
				SWIFT_OPTIMIZATION_LEVEL = "-Onone";
			};
			name = Debug;
		};
		1AD2E72D2357A128005319BE /* Release */ = {
			isa = XCBuildConfiguration;
			buildSettings = {
				ALWAYS_SEARCH_USER_PATHS = NO;
				CLANG_ANALYZER_NONNULL = YES;
				CLANG_ANALYZER_NUMBER_OBJECT_CONVERSION = YES_AGGRESSIVE;
				CLANG_CXX_LANGUAGE_STANDARD = "gnu++14";
				CLANG_CXX_LIBRARY = "libc++";
				CLANG_ENABLE_MODULES = YES;
				CLANG_ENABLE_OBJC_ARC = YES;
				CLANG_ENABLE_OBJC_WEAK = YES;
				CLANG_WARN_BLOCK_CAPTURE_AUTORELEASING = YES;
				CLANG_WARN_BOOL_CONVERSION = YES;
				CLANG_WARN_COMMA = YES;
				CLANG_WARN_CONSTANT_CONVERSION = YES;
				CLANG_WARN_DEPRECATED_OBJC_IMPLEMENTATIONS = YES;
				CLANG_WARN_DIRECT_OBJC_ISA_USAGE = YES_ERROR;
				CLANG_WARN_DOCUMENTATION_COMMENTS = YES;
				CLANG_WARN_EMPTY_BODY = YES;
				CLANG_WARN_ENUM_CONVERSION = YES;
				CLANG_WARN_INFINITE_RECURSION = YES;
				CLANG_WARN_INT_CONVERSION = YES;
				CLANG_WARN_NON_LITERAL_NULL_CONVERSION = YES;
				CLANG_WARN_OBJC_IMPLICIT_RETAIN_SELF = YES;
				CLANG_WARN_OBJC_LITERAL_CONVERSION = YES;
				CLANG_WARN_OBJC_ROOT_CLASS = YES_ERROR;
				CLANG_WARN_RANGE_LOOP_ANALYSIS = YES;
				CLANG_WARN_STRICT_PROTOTYPES = YES;
				CLANG_WARN_SUSPICIOUS_MOVE = YES;
				CLANG_WARN_UNGUARDED_AVAILABILITY = YES_AGGRESSIVE;
				CLANG_WARN_UNREACHABLE_CODE = YES;
				CLANG_WARN__DUPLICATE_METHOD_MATCH = YES;
				COPY_PHASE_STRIP = NO;
				DEBUG_INFORMATION_FORMAT = "dwarf-with-dsym";
				ENABLE_NS_ASSERTIONS = NO;
				ENABLE_STRICT_OBJC_MSGSEND = YES;
				GCC_C_LANGUAGE_STANDARD = gnu11;
				GCC_NO_COMMON_BLOCKS = YES;
				GCC_WARN_64_TO_32_BIT_CONVERSION = YES;
				GCC_WARN_ABOUT_RETURN_TYPE = YES_ERROR;
				GCC_WARN_UNDECLARED_SELECTOR = YES;
				GCC_WARN_UNINITIALIZED_AUTOS = YES_AGGRESSIVE;
				GCC_WARN_UNUSED_FUNCTION = YES;
				GCC_WARN_UNUSED_VARIABLE = YES;
				IPHONEOS_DEPLOYMENT_TARGET = 13.1;
				MTL_ENABLE_DEBUG_INFO = NO;
				MTL_FAST_MATH = YES;
				SDKROOT = iphoneos;
				SWIFT_COMPILATION_MODE = wholemodule;
				SWIFT_OPTIMIZATION_LEVEL = "-O";
				VALIDATE_PRODUCT = YES;
			};
			name = Release;
		};
		1AD2E72F2357A128005319BE /* Debug */ = {
			isa = XCBuildConfiguration;
			buildSettings = {
				ASSETCATALOG_COMPILER_APPICON_NAME = AppIcon;
				CODE_SIGN_STYLE = Automatic;
				DEVELOPMENT_ASSET_PATHS = "\"SwiftUIDemo/Preview Content\"";
				DEVELOPMENT_TEAM = LJ9JA8AN29;
				ENABLE_PREVIEWS = YES;
				INFOPLIST_FILE = SwiftUIDemo/Info.plist;
				LD_RUNPATH_SEARCH_PATHS = (
					"$(inherited)",
					"@executable_path/Frameworks",
				);
				PRODUCT_BUNDLE_IDENTIFIER = uk.amimetic.SwiftUIDemo;
				PRODUCT_NAME = "$(TARGET_NAME)";
				SWIFT_VERSION = 5.0;
				TARGETED_DEVICE_FAMILY = "1,2";
			};
			name = Debug;
		};
		1AD2E7302357A128005319BE /* Release */ = {
			isa = XCBuildConfiguration;
			buildSettings = {
				ASSETCATALOG_COMPILER_APPICON_NAME = AppIcon;
				CODE_SIGN_STYLE = Automatic;
				DEVELOPMENT_ASSET_PATHS = "\"SwiftUIDemo/Preview Content\"";
				DEVELOPMENT_TEAM = LJ9JA8AN29;
				ENABLE_PREVIEWS = YES;
				INFOPLIST_FILE = SwiftUIDemo/Info.plist;
				LD_RUNPATH_SEARCH_PATHS = (
					"$(inherited)",
					"@executable_path/Frameworks",
				);
				PRODUCT_BUNDLE_IDENTIFIER = uk.amimetic.SwiftUIDemo;
				PRODUCT_NAME = "$(TARGET_NAME)";
				SWIFT_VERSION = 5.0;
				TARGETED_DEVICE_FAMILY = "1,2";
			};
			name = Release;
		};
		1AD2E7322357A128005319BE /* Debug */ = {
			isa = XCBuildConfiguration;
			buildSettings = {
				ALWAYS_EMBED_SWIFT_STANDARD_LIBRARIES = YES;
				BUNDLE_LOADER = "$(TEST_HOST)";
				CODE_SIGN_STYLE = Automatic;
				DEVELOPMENT_TEAM = LJ9JA8AN29;
				INFOPLIST_FILE = SwiftUIDemoTests/Info.plist;
				IPHONEOS_DEPLOYMENT_TARGET = 13.1;
				LD_RUNPATH_SEARCH_PATHS = (
					"$(inherited)",
					"@executable_path/Frameworks",
					"@loader_path/Frameworks",
				);
				PRODUCT_BUNDLE_IDENTIFIER = uk.amimetic.SwiftUIDemoTests;
				PRODUCT_NAME = "$(TARGET_NAME)";
				SWIFT_VERSION = 5.0;
				TARGETED_DEVICE_FAMILY = "1,2";
				TEST_HOST = "$(BUILT_PRODUCTS_DIR)/SwiftUIDemo.app/SwiftUIDemo";
			};
			name = Debug;
		};
		1AD2E7332357A128005319BE /* Release */ = {
			isa = XCBuildConfiguration;
			buildSettings = {
				ALWAYS_EMBED_SWIFT_STANDARD_LIBRARIES = YES;
				BUNDLE_LOADER = "$(TEST_HOST)";
				CODE_SIGN_STYLE = Automatic;
				DEVELOPMENT_TEAM = LJ9JA8AN29;
				INFOPLIST_FILE = SwiftUIDemoTests/Info.plist;
				IPHONEOS_DEPLOYMENT_TARGET = 13.1;
				LD_RUNPATH_SEARCH_PATHS = (
					"$(inherited)",
					"@executable_path/Frameworks",
					"@loader_path/Frameworks",
				);
				PRODUCT_BUNDLE_IDENTIFIER = uk.amimetic.SwiftUIDemoTests;
				PRODUCT_NAME = "$(TARGET_NAME)";
				SWIFT_VERSION = 5.0;
				TARGETED_DEVICE_FAMILY = "1,2";
				TEST_HOST = "$(BUILT_PRODUCTS_DIR)/SwiftUIDemo.app/SwiftUIDemo";
			};
			name = Release;
		};
/* End XCBuildConfiguration section */

/* Begin XCConfigurationList section */
		1AD2E70A2357A120005319BE /* Build configuration list for PBXProject "SwiftUIDemo" */ = {
			isa = XCConfigurationList;
			buildConfigurations = (
				1AD2E72C2357A128005319BE /* Debug */,
				1AD2E72D2357A128005319BE /* Release */,
			);
			defaultConfigurationIsVisible = 0;
			defaultConfigurationName = Release;
		};
		1AD2E72E2357A128005319BE /* Build configuration list for PBXNativeTarget "SwiftUIDemo" */ = {
			isa = XCConfigurationList;
			buildConfigurations = (
				1AD2E72F2357A128005319BE /* Debug */,
				1AD2E7302357A128005319BE /* Release */,
			);
			defaultConfigurationIsVisible = 0;
			defaultConfigurationName = Release;
		};
		1AD2E7312357A128005319BE /* Build configuration list for PBXNativeTarget "SwiftUIDemoTests" */ = {
			isa = XCConfigurationList;
			buildConfigurations = (
				1AD2E7322357A128005319BE /* Debug */,
				1AD2E7332357A128005319BE /* Release */,
			);
			defaultConfigurationIsVisible = 0;
			defaultConfigurationName = Release;
		};
/* End XCConfigurationList section */
	};
	rootObject = 1AD2E7072357A120005319BE /* Project object */;
}
